
Microsoft Visual Studio Solution File, Format Version 12.00
# Visual Studio 15
Project("{FAE04EC0-301F-11D3-BF4B-00C04F79EFBC}") = "EnoxSoftware.OpenCVForUnity", "EnoxSoftware.OpenCVForUnity.csproj", "{53F18B26-9CFA-DB64-BBD2-517269664BAA}"
EndProject
Project("{FAE04EC0-301F-11D3-BF4B-00C04F79EFBC}") = "TEXDrawCore", "TEXDrawCore.csproj", "{4953DE01-2BDD-B642-4D64-662EE9591BD2}"
EndProject
Project("{FAE04EC0-301F-11D3-BF4B-00C04F79EFBC}") = "Assembly-CSharp", "Assembly-CSharp.csproj", "{428E3661-40B6-45CA-B9E5-2CF97DE38030}"
EndProject
Project("{FAE04EC0-301F-11D3-BF4B-00C04F79EFBC}") = "TEXDrawEditor", "TEXDrawEditor.csproj", "{74C1DA4E-F3EC-C845-9833-7D3F68089D21}"
EndProject
Project("{FAE04EC0-301F-11D3-BF4B-00C04F79EFBC}") = "EnoxSoftware.OpenCVForUnityExample", "EnoxSoftware.OpenCVForUnityExample.csproj", "{764EB9C6-0EB0-8B66-677D-64190DAC475E}"
EndProject
Project("{FAE04EC0-301F-11D3-BF4B-00C04F79EFBC}") = "Assembly-CSharp-Editor", "Assembly-CSharp-Editor.csproj", "{095E304A-EEAD-D394-1457-7BA039276CAE}"
EndProject
Project("{FAE04EC0-301F-11D3-BF4B-00C04F79EFBC}") = "TEXDrawRuntime", "TEXDrawRuntime.csproj", "{731F6C79-FE49-54CA-CC3F-4B6A01ABA433}"
EndProject
Project("{FAE04EC0-301F-11D3-BF4B-00C04F79EFBC}") = "Assembly-CSharp-Editor-firstpass", "Assembly-CSharp-Editor-firstpass.csproj", "{40DEBC32-AC10-402E-2E6D-1821FAF8D4A8}"
EndProject
Project("{FAE04EC0-301F-11D3-BF4B-00C04F79EFBC}") = "Assembly-CSharp-firstpass", "Assembly-CSharp-firstpass.csproj", "{2A9437EA-7D6C-1C7E-7729-7540F0E389F0}"
EndProject
Project("{FAE04EC0-301F-11D3-BF4B-00C04F79EFBC}") = "EnoxSoftware.OpenCVForUnity.Editor", "EnoxSoftware.OpenCVForUnity.Editor.csproj", "{FEAA8FC1-ADDC-2DA3-ACBE-02EAB035ED2D}"
EndProject
Global
	GlobalSection(SolutionConfigurationPlatforms) = preSolution
		Debug|Any CPU = Debug|Any CPU
		Release|Any CPU = Release|Any CPU
	EndGlobalSection
	GlobalSection(ProjectConfigurationPlatforms) = postSolution
		{53F18B26-9CFA-DB64-BBD2-517269664BAA}.Debug|Any CPU.ActiveCfg = Debug|Any CPU
		{53F18B26-9CFA-DB64-BBD2-517269664BAA}.Debug|Any CPU.Build.0 = Debug|Any CPU
		{53F18B26-9CFA-DB64-BBD2-517269664BAA}.Release|Any CPU.ActiveCfg = Release|Any CPU
		{53F18B26-9CFA-DB64-BBD2-517269664BAA}.Release|Any CPU.Build.0 = Release|Any CPU
		{4953DE01-2BDD-B642-4D64-662EE9591BD2}.Debug|Any CPU.ActiveCfg = Debug|Any CPU
		{4953DE01-2BDD-B642-4D64-662EE9591BD2}.Debug|Any CPU.Build.0 = Debug|Any CPU
		{4953DE01-2BDD-B642-4D64-662EE9591BD2}.Release|Any CPU.ActiveCfg = Release|Any CPU
		{4953DE01-2BDD-B642-4D64-662EE9591BD2}.Release|Any CPU.Build.0 = Release|Any CPU
		{428E3661-40B6-45CA-B9E5-2CF97DE38030}.Debug|Any CPU.ActiveCfg = Debug|Any CPU
		{428E3661-40B6-45CA-B9E5-2CF97DE38030}.Debug|Any CPU.Build.0 = Debug|Any CPU
		{428E3661-40B6-45CA-B9E5-2CF97DE38030}.Release|Any CPU.ActiveCfg = Release|Any CPU
		{428E3661-40B6-45CA-B9E5-2CF97DE38030}.Release|Any CPU.Build.0 = Release|Any CPU
		{74C1DA4E-F3EC-C845-9833-7D3F68089D21}.Debug|Any CPU.ActiveCfg = Debug|Any CPU
		{74C1DA4E-F3EC-C845-9833-7D3F68089D21}.Debug|Any CPU.Build.0 = Debug|Any CPU
		{74C1DA4E-F3EC-C845-9833-7D3F68089D21}.Release|Any CPU.ActiveCfg = Release|Any CPU
		{74C1DA4E-F3EC-C845-9833-7D3F68089D21}.Release|Any CPU.Build.0 = Release|Any CPU
		{764EB9C6-0EB0-8B66-677D-64190DAC475E}.Debug|Any CPU.ActiveCfg = Debug|Any CPU
		{764EB9C6-0EB0-8B66-677D-64190DAC475E}.Debug|Any CPU.Build.0 = Debug|Any CPU
		{764EB9C6-0EB0-8B66-677D-64190DAC475E}.Release|Any CPU.ActiveCfg = Release|Any CPU
		{764EB9C6-0EB0-8B66-677D-64190DAC475E}.Release|Any CPU.Build.0 = Release|Any CPU
		{095E304A-EEAD-D394-1457-7BA039276CAE}.Debug|Any CPU.ActiveCfg = Debug|Any CPU
		{095E304A-EEAD-D394-1457-7BA039276CAE}.Debug|Any CPU.Build.0 = Debug|Any CPU
		{095E304A-EEAD-D394-1457-7BA039276CAE}.Release|Any CPU.ActiveCfg = Release|Any CPU
		{095E304A-EEAD-D394-1457-7BA039276CAE}.Release|Any CPU.Build.0 = Release|Any CPU
		{731F6C79-FE49-54CA-CC3F-4B6A01ABA433}.Debug|Any CPU.ActiveCfg = Debug|Any CPU
		{731F6C79-FE49-54CA-CC3F-4B6A01ABA433}.Debug|Any CPU.Build.0 = Debug|Any CPU
		{731F6C79-FE49-54CA-CC3F-4B6A01ABA433}.Release|Any CPU.ActiveCfg = Release|Any CPU
		{731F6C79-FE49-54CA-CC3F-4B6A01ABA433}.Release|Any CPU.Build.0 = Release|Any CPU
		{40DEBC32-AC10-402E-2E6D-1821FAF8D4A8}.Debug|Any CPU.ActiveCfg = Debug|Any CPU
		{40DEBC32-AC10-402E-2E6D-1821FAF8D4A8}.Debug|Any CPU.Build.0 = Debug|Any CPU
		{40DEBC32-AC10-402E-2E6D-1821FAF8D4A8}.Release|Any CPU.ActiveCfg = Release|Any CPU
		{40DEBC32-AC10-402E-2E6D-1821FAF8D4A8}.Release|Any CPU.Build.0 = Release|Any CPU
		{2A9437EA-7D6C-1C7E-7729-7540F0E389F0}.Debug|Any CPU.ActiveCfg = Debug|Any CPU
		{2A9437EA-7D6C-1C7E-7729-7540F0E389F0}.Debug|Any CPU.Build.0 = Debug|Any CPU
		{2A9437EA-7D6C-1C7E-7729-7540F0E389F0}.Release|Any CPU.ActiveCfg = Release|Any CPU
		{2A9437EA-7D6C-1C7E-7729-7540F0E389F0}.Release|Any CPU.Build.0 = Release|Any CPU
		{FEAA8FC1-ADDC-2DA3-ACBE-02EAB035ED2D}.Debug|Any CPU.ActiveCfg = Debug|Any CPU
		{FEAA8FC1-ADDC-2DA3-ACBE-02EAB035ED2D}.Debug|Any CPU.Build.0 = Debug|Any CPU
		{FEAA8FC1-ADDC-2DA3-ACBE-02EAB035ED2D}.Release|Any CPU.ActiveCfg = Release|Any CPU
		{FEAA8FC1-ADDC-2DA3-ACBE-02EAB035ED2D}.Release|Any CPU.Build.0 = Release|Any CPU
	EndGlobalSection
	GlobalSection(SolutionProperties) = preSolution
		HideSolutionNode = FALSE
	EndGlobalSection
EndGlobal
